
Microsoft Visual Studio Solution File, Format Version 12.00
# Visual Studio 14
VisualStudioVersion = 14.0.25420.1
MinimumVisualStudioVersion = 10.0.40219.1
Project("{FAE04EC0-301F-11D3-BF4B-00C04F79EFBC}") = "WinForms", "WinForms\WinForms.csproj", "{16766C96-8ACC-44B8-B572-CCD6E85F603D}"
EndProject
Project("{FAE04EC0-301F-11D3-BF4B-00C04F79EFBC}") = "UI", "UI\UI.csproj", "{EB81B91A-E642-4A0B-A80F-07442EA4654C}"
EndProject
Project("{FAE04EC0-301F-11D3-BF4B-00C04F79EFBC}") = "ServiceLayer", "ServiceLayer\ServiceLayer.csproj", "{1A3413F7-F8B9-4B14-B7C2-17DAB6D2B159}"
EndProject
Project("{FAE04EC0-301F-11D3-BF4B-00C04F79EFBC}") = "ScaleInterface", "ScaleInterface\ScaleInterface.csproj", "{54C1AC23-0CA3-4D97-B876-9877578F65F8}"
EndProject
Project("{FAE04EC0-301F-11D3-BF4B-00C04F79EFBC}") = "PrinterInterface", "PrinterInterface\PrinterInterface.csproj", "{673D5E1F-00EC-4790-9220-2864F6B00F46}"
EndProject
Project("{FAE04EC0-301F-11D3-BF4B-00C04F79EFBC}") = "Core", "Core\Core.csproj", "{BDB7FF72-C909-4820-9C1C-57BF120E1E45}"
EndProject
Project("{FAE04EC0-301F-11D3-BF4B-00C04F79EFBC}") = "BusinessRules", "BusinessRules\BusinessRules.csproj", "{4EC2576F-01F3-4968-A734-EC2238C9F194}"
EndProject
Global
	GlobalSection(SolutionConfigurationPlatforms) = preSolution
		Debug|Any CPU = Debug|Any CPU
		Release|Any CPU = Release|Any CPU
	EndGlobalSection
	GlobalSection(ProjectConfigurationPlatforms) = postSolution
		{16766C96-8ACC-44B8-B572-CCD6E85F603D}.Debug|Any CPU.ActiveCfg = Debug|Any CPU
		{16766C96-8ACC-44B8-B572-CCD6E85F603D}.Debug|Any CPU.Build.0 = Debug|Any CPU
		{16766C96-8ACC-44B8-B572-CCD6E85F603D}.Release|Any CPU.ActiveCfg = Release|Any CPU
		{16766C96-8ACC-44B8-B572-CCD6E85F603D}.Release|Any CPU.Build.0 = Release|Any CPU
		{EB81B91A-E642-4A0B-A80F-07442EA4654C}.Debug|Any CPU.ActiveCfg = Debug|Any CPU
		{EB81B91A-E642-4A0B-A80F-07442EA4654C}.Debug|Any CPU.Build.0 = Debug|Any CPU
		{EB81B91A-E642-4A0B-A80F-07442EA4654C}.Release|Any CPU.ActiveCfg = Release|Any CPU
		{EB81B91A-E642-4A0B-A80F-07442EA4654C}.Release|Any CPU.Build.0 = Release|Any CPU
		{1A3413F7-F8B9-4B14-B7C2-17DAB6D2B159}.Debug|Any CPU.ActiveCfg = Debug|Any CPU
		{1A3413F7-F8B9-4B14-B7C2-17DAB6D2B159}.Debug|Any CPU.Build.0 = Debug|Any CPU
		{1A3413F7-F8B9-4B14-B7C2-17DAB6D2B159}.Release|Any CPU.ActiveCfg = Release|Any CPU
		{1A3413F7-F8B9-4B14-B7C2-17DAB6D2B159}.Release|Any CPU.Build.0 = Release|Any CPU
		{54C1AC23-0CA3-4D97-B876-9877578F65F8}.Debug|Any CPU.ActiveCfg = Debug|Any CPU
		{54C1AC23-0CA3-4D97-B876-9877578F65F8}.Debug|Any CPU.Build.0 = Debug|Any CPU
		{54C1AC23-0CA3-4D97-B876-9877578F65F8}.Release|Any CPU.ActiveCfg = Release|Any CPU
		{54C1AC23-0CA3-4D97-B876-9877578F65F8}.Release|Any CPU.Build.0 = Release|Any CPU
		{673D5E1F-00EC-4790-9220-2864F6B00F46}.Debug|Any CPU.ActiveCfg = Debug|Any CPU
		{673D5E1F-00EC-4790-9220-2864F6B00F46}.Debug|Any CPU.Build.0 = Debug|Any CPU
		{673D5E1F-00EC-4790-9220-2864F6B00F46}.Release|Any CPU.ActiveCfg = Release|Any CPU
		{673D5E1F-00EC-4790-9220-2864F6B00F46}.Release|Any CPU.Build.0 = Release|Any CPU
		{BDB7FF72-C909-4820-9C1C-57BF120E1E45}.Debug|Any CPU.ActiveCfg = Debug|Any CPU
		{BDB7FF72-C909-4820-9C1C-57BF120E1E45}.Debug|Any CPU.Build.0 = Debug|Any CPU
		{BDB7FF72-C909-4820-9C1C-57BF120E1E45}.Release|Any CPU.ActiveCfg = Release|Any CPU
		{BDB7FF72-C909-4820-9C1C-57BF120E1E45}.Release|Any CPU.Build.0 = Release|Any CPU
		{4EC2576F-01F3-4968-A734-EC2238C9F194}.Debug|Any CPU.ActiveCfg = Debug|Any CPU
		{4EC2576F-01F3-4968-A734-EC2238C9F194}.Debug|Any CPU.Build.0 = Debug|Any CPU
		{4EC2576F-01F3-4968-A734-EC2238C9F194}.Release|Any CPU.ActiveCfg = Release|Any CPU
		{4EC2576F-01F3-4968-A734-EC2238C9F194}.Release|Any CPU.Build.0 = Release|Any CPU
	EndGlobalSection
	GlobalSection(SolutionProperties) = preSolution
		HideSolutionNode = FALSE
	EndGlobalSection
EndGlobal
