
Microsoft Visual Studio Solution File, Format Version 12.00
# Visual Studio 14
VisualStudioVersion = 14.0.25420.1
MinimumVisualStudioVersion = 10.0.40219.1
Project("{FAE04EC0-301F-11D3-BF4B-00C04F79EFBC}") = "MvpFun", "MvpFun\MvpFun.csproj", "{370D0C77-632E-4358-8FCF-7DE9B0ACE651}"
EndProject
Global
	GlobalSection(SolutionConfigurationPlatforms) = preSolution
		Debug|Any CPU = Debug|Any CPU
		Release|Any CPU = Release|Any CPU
	EndGlobalSection
	GlobalSection(ProjectConfigurationPlatforms) = postSolution
		{370D0C77-632E-4358-8FCF-7DE9B0ACE651}.Debug|Any CPU.ActiveCfg = Debug|Any CPU
		{370D0C77-632E-4358-8FCF-7DE9B0ACE651}.Debug|Any CPU.Build.0 = Debug|Any CPU
		{370D0C77-632E-4358-8FCF-7DE9B0ACE651}.Release|Any CPU.ActiveCfg = Release|Any CPU
		{370D0C77-632E-4358-8FCF-7DE9B0ACE651}.Release|Any CPU.Build.0 = Release|Any CPU
	EndGlobalSection
	GlobalSection(SolutionProperties) = preSolution
		HideSolutionNode = FALSE
	EndGlobalSection
EndGlobal
